
Microsoft Visual Studio Solution File, Format Version 12.00
# Visual Studio 15
VisualStudioVersion = 15.0.27004.2009
MinimumVisualStudioVersion = 10.0.40219.1
Project("{9A19103F-16F7-4668-BE54-9A1E7A4F7556}") = "DataProcessing", "DataProcessing.csproj", "{ACC97470-0C7D-4748-AF6A-7A9112182FE5}"
EndProject
Global
	GlobalSection(SolutionConfigurationPlatforms) = preSolution
		Debug|Any CPU = Debug|Any CPU
		Release|Any CPU = Release|Any CPU
	EndGlobalSection
	GlobalSection(ProjectConfigurationPlatforms) = postSolution
		{ACC97470-0C7D-4748-AF6A-7A9112182FE5}.Debug|Any CPU.ActiveCfg = Debug|Any CPU
		{ACC97470-0C7D-4748-AF6A-7A9112182FE5}.Debug|Any CPU.Build.0 = Debug|Any CPU
		{ACC97470-0C7D-4748-AF6A-7A9112182FE5}.Release|Any CPU.ActiveCfg = Release|Any CPU
		{ACC97470-0C7D-4748-AF6A-7A9112182FE5}.Release|Any CPU.Build.0 = Release|Any CPU
	EndGlobalSection
	GlobalSection(SolutionProperties) = preSolution
		HideSolutionNode = FALSE
	EndGlobalSection
	GlobalSection(ExtensibilityGlobals) = postSolution
		SolutionGuid = {60AC8643-45F3-4BFC-84F8-28506749C360}
	EndGlobalSection
EndGlobal
